Microsoft Visual Studio Solution File, Format Version 12.00
# Visual Studio Version 17
VisualStudioVersion = 17.14.36203.30
MinimumVisualStudioVersion = 10.0.40219.1
Project("{FAE04EC0-301F-11D3-BF4B-00C04F79EFBC}") = "WS-AspireApp.AppHost", "WS-AspireApp.AppHost\WS-AspireApp.AppHost.csproj", "{106BCDA2-DE52-440A-A2FD-F02A9D9E06E4}"
EndProject
Project("{FAE04EC0-301F-11D3-BF4B-00C04F79EFBC}") = "WS-AspireApp.ServiceDefaults", "WS-AspireApp.ServiceDefaults\WS-AspireApp.ServiceDefaults.csproj", "{429C76AA-3DCE-A94F-A4D3-4EFE31BEB608}"
EndProject
Project("{FAE04EC0-301F-11D3-BF4B-00C04F79EFBC}") = "WS-AspireApp.ApiService", "WS-AspireApp.ApiService\WS-AspireApp.ApiService.csproj", "{E0551F29-CAEA-FFCD-3367-EA9E6FBBD95B}"
EndProject
Project("{FAE04EC0-301F-11D3-BF4B-00C04F79EFBC}") = "WS-AspireApp.Web", "WS-AspireApp.Web\WS-AspireApp.Web.csproj", "{8368C747-CEAC-DF35-174D-ABCBC0FD67A8}"
EndProject
Project("{FAE04EC0-301F-11D3-BF4B-00C04F79EFBC}") = "WS-AspireApp.Tests", "WS-AspireApp.Tests\WS-AspireApp.Tests.csproj", "{21FB903B-4662-3BDC-A8AB-7653D53CF8EB}"
EndProject
Project("{FAE04EC0-301F-11D3-BF4B-00C04F79EFBC}") = "WS-AspireApp.DummyService", "WS-AspireApp.DummyService\WS-AspireApp.DummyService.csproj", "{1807F2E7-BB71-CC0F-4E24-AB9EC884C9D4}"
EndProject
Project("{FAE04EC0-301F-11D3-BF4B-00C04F79EFBC}") = "WS-AspireApp.MessageProcessor", "WS-AspireApp.MessageProcessor\WS-AspireApp.MessageProcessor.csproj", "{2F519778-700D-5BE5-BE56-32C1E743C1CA}"
EndProject
Global
	GlobalSection(SolutionConfigurationPlatforms) = preSolution
		Debug|Any CPU = Debug|Any CPU
		Release|Any CPU = Release|Any CPU
	EndGlobalSection
	GlobalSection(ProjectConfigurationPlatforms) = postSolution
		{106BCDA2-DE52-440A-A2FD-F02A9D9E06E4}.Debug|Any CPU.ActiveCfg = Debug|Any CPU
		{106BCDA2-DE52-440A-A2FD-F02A9D9E06E4}.Debug|Any CPU.Build.0 = Debug|Any CPU
		{106BCDA2-DE52-440A-A2FD-F02A9D9E06E4}.Release|Any CPU.ActiveCfg = Release|Any CPU
		{106BCDA2-DE52-440A-A2FD-F02A9D9E06E4}.Release|Any CPU.Build.0 = Release|Any CPU
		{429C76AA-3DCE-A94F-A4D3-4EFE31BEB608}.Debug|Any CPU.ActiveCfg = Debug|Any CPU
		{429C76AA-3DCE-A94F-A4D3-4EFE31BEB608}.Debug|Any CPU.Build.0 = Debug|Any CPU
		{429C76AA-3DCE-A94F-A4D3-4EFE31BEB608}.Release|Any CPU.ActiveCfg = Release|Any CPU
		{429C76AA-3DCE-A94F-A4D3-4EFE31BEB608}.Release|Any CPU.Build.0 = Release|Any CPU
		{E0551F29-CAEA-FFCD-3367-EA9E6FBBD95B}.Debug|Any CPU.ActiveCfg = Debug|Any CPU
		{E0551F29-CAEA-FFCD-3367-EA9E6FBBD95B}.Debug|Any CPU.Build.0 = Debug|Any CPU
		{E0551F29-CAEA-FFCD-3367-EA9E6FBBD95B}.Release|Any CPU.ActiveCfg = Release|Any CPU
		{E0551F29-CAEA-FFCD-3367-EA9E6FBBD95B}.Release|Any CPU.Build.0 = Release|Any CPU
		{8368C747-CEAC-DF35-174D-ABCBC0FD67A8}.Debug|Any CPU.ActiveCfg = Debug|Any CPU
		{8368C747-CEAC-DF35-174D-ABCBC0FD67A8}.Debug|Any CPU.Build.0 = Debug|Any CPU
		{8368C747-CEAC-DF35-174D-ABCBC0FD67A8}.Release|Any CPU.ActiveCfg = Release|Any CPU
		{8368C747-CEAC-DF35-174D-ABCBC0FD67A8}.Release|Any CPU.Build.0 = Release|Any CPU
		{21FB903B-4662-3BDC-A8AB-7653D53CF8EB}.Debug|Any CPU.ActiveCfg = Debug|Any CPU
		{21FB903B-4662-3BDC-A8AB-7653D53CF8EB}.Debug|Any CPU.Build.0 = Debug|Any CPU
		{21FB903B-4662-3BDC-A8AB-7653D53CF8EB}.Release|Any CPU.ActiveCfg = Release|Any CPU
		{21FB903B-4662-3BDC-A8AB-7653D53CF8EB}.Release|Any CPU.Build.0 = Release|Any CPU
		{1807F2E7-BB71-CC0F-4E24-AB9EC884C9D4}.Debug|Any CPU.ActiveCfg = Debug|Any CPU
		{1807F2E7-BB71-CC0F-4E24-AB9EC884C9D4}.Debug|Any CPU.Build.0 = Debug|Any CPU
		{1807F2E7-BB71-CC0F-4E24-AB9EC884C9D4}.Release|Any CPU.ActiveCfg = Release|Any CPU
		{1807F2E7-BB71-CC0F-4E24-AB9EC884C9D4}.Release|Any CPU.Build.0 = Release|Any CPU
		{2F519778-700D-5BE5-BE56-32C1E743C1CA}.Debug|Any CPU.ActiveCfg = Debug|Any CPU
		{2F519778-700D-5BE5-BE56-32C1E743C1CA}.Debug|Any CPU.Build.0 = Debug|Any CPU
		{2F519778-700D-5BE5-BE56-32C1E743C1CA}.Release|Any CPU.ActiveCfg = Release|Any CPU
		{2F519778-700D-5BE5-BE56-32C1E743C1CA}.Release|Any CPU.Build.0 = Release|Any CPU
	EndGlobalSection
	GlobalSection(SolutionProperties) = preSolution
		HideSolutionNode = FALSE
	EndGlobalSection
	GlobalSection(ExtensibilityGlobals) = postSolution
		SolutionGuid = {5EC40A74-8540-45DB-B386-74536DD9D52B}
	EndGlobalSection
EndGlobal
